
Microsoft Visual Studio Solution File, Format Version 12.00
# Visual Studio Version 17
VisualStudioVersion = 17.12.35521.163
MinimumVisualStudioVersion = 10.0.40219.1
Project("{FAE04EC0-301F-11D3-BF4B-00C04F79EFBC}") = "ToDoList", "CSProject\ToDoList.csproj", "{C29BFF12-C8EA-431F-B369-A00F2A31D4B0}"
EndProject
Project("{FAE04EC0-301F-11D3-BF4B-00C04F79EFBC}") = "Wheather", "ConsoleApp1\Wheather.csproj", "{FFAA0160-B718-421D-A7F2-DBBE7DADC648}"
EndProject
Project("{FAE04EC0-301F-11D3-BF4B-00C04F79EFBC}") = "NewsParcer", "NewsParcer\NewsParcer.csproj", "{F45ABAE1-1A96-4E2E-BB7B-CCB3A07A99D9}"
EndProject
Project("{FAE04EC0-301F-11D3-BF4B-00C04F79EFBC}") = "currencyConvertor", "currencyConvertor\currencyConvertor.csproj", "{56E6F756-1FFA-4B4E-80CB-C7CCA9F846EC}"
EndProject
Project("{FAE04EC0-301F-11D3-BF4B-00C04F79EFBC}") = "MatrixSolver1", "MatrixSolver1\MatrixSolver1.csproj", "{6ACB9AC6-E427-43A8-9538-DF8C0BC1D16C}"
EndProject
Project("{FAE04EC0-301F-11D3-BF4B-00C04F79EFBC}") = "EnDecrypt", "EnDecrypt\EnDecrypt.csproj", "{0076A71E-AEFC-4D1B-9242-0739D30744DE}"
EndProject
Global
	GlobalSection(SolutionConfigurationPlatforms) = preSolution
		Debug|Any CPU = Debug|Any CPU
		Release|Any CPU = Release|Any CPU
	EndGlobalSection
	GlobalSection(ProjectConfigurationPlatforms) = postSolution
		{C29BFF12-C8EA-431F-B369-A00F2A31D4B0}.Debug|Any CPU.ActiveCfg = Debug|Any CPU
		{C29BFF12-C8EA-431F-B369-A00F2A31D4B0}.Debug|Any CPU.Build.0 = Debug|Any CPU
		{C29BFF12-C8EA-431F-B369-A00F2A31D4B0}.Release|Any CPU.ActiveCfg = Release|Any CPU
		{C29BFF12-C8EA-431F-B369-A00F2A31D4B0}.Release|Any CPU.Build.0 = Release|Any CPU
		{FFAA0160-B718-421D-A7F2-DBBE7DADC648}.Debug|Any CPU.ActiveCfg = Debug|Any CPU
		{FFAA0160-B718-421D-A7F2-DBBE7DADC648}.Debug|Any CPU.Build.0 = Debug|Any CPU
		{FFAA0160-B718-421D-A7F2-DBBE7DADC648}.Release|Any CPU.ActiveCfg = Release|Any CPU
		{FFAA0160-B718-421D-A7F2-DBBE7DADC648}.Release|Any CPU.Build.0 = Release|Any CPU
		{F45ABAE1-1A96-4E2E-BB7B-CCB3A07A99D9}.Debug|Any CPU.ActiveCfg = Debug|Any CPU
		{F45ABAE1-1A96-4E2E-BB7B-CCB3A07A99D9}.Debug|Any CPU.Build.0 = Debug|Any CPU
		{F45ABAE1-1A96-4E2E-BB7B-CCB3A07A99D9}.Release|Any CPU.ActiveCfg = Release|Any CPU
		{F45ABAE1-1A96-4E2E-BB7B-CCB3A07A99D9}.Release|Any CPU.Build.0 = Release|Any CPU
		{56E6F756-1FFA-4B4E-80CB-C7CCA9F846EC}.Debug|Any CPU.ActiveCfg = Debug|Any CPU
		{56E6F756-1FFA-4B4E-80CB-C7CCA9F846EC}.Debug|Any CPU.Build.0 = Debug|Any CPU
		{56E6F756-1FFA-4B4E-80CB-C7CCA9F846EC}.Release|Any CPU.ActiveCfg = Release|Any CPU
		{56E6F756-1FFA-4B4E-80CB-C7CCA9F846EC}.Release|Any CPU.Build.0 = Release|Any CPU
		{6ACB9AC6-E427-43A8-9538-DF8C0BC1D16C}.Debug|Any CPU.ActiveCfg = Debug|Any CPU
		{6ACB9AC6-E427-43A8-9538-DF8C0BC1D16C}.Debug|Any CPU.Build.0 = Debug|Any CPU
		{6ACB9AC6-E427-43A8-9538-DF8C0BC1D16C}.Release|Any CPU.ActiveCfg = Release|Any CPU
		{6ACB9AC6-E427-43A8-9538-DF8C0BC1D16C}.Release|Any CPU.Build.0 = Release|Any CPU
		{0076A71E-AEFC-4D1B-9242-0739D30744DE}.Debug|Any CPU.ActiveCfg = Debug|Any CPU
		{0076A71E-AEFC-4D1B-9242-0739D30744DE}.Debug|Any CPU.Build.0 = Debug|Any CPU
		{0076A71E-AEFC-4D1B-9242-0739D30744DE}.Release|Any CPU.ActiveCfg = Release|Any CPU
		{0076A71E-AEFC-4D1B-9242-0739D30744DE}.Release|Any CPU.Build.0 = Release|Any CPU
	EndGlobalSection
	GlobalSection(SolutionProperties) = preSolution
		HideSolutionNode = FALSE
	EndGlobalSection
EndGlobal
